
Microsoft Visual Studio Solution File, Format Version 12.00
# Visual Studio Version 17
VisualStudioVersion = 17.13.35806.99 d17.13
MinimumVisualStudioVersion = 10.0.40219.1
Project("{FAE04EC0-301F-11D3-BF4B-00C04F79EFBC}") = "Client", "Client.csproj", "{267826B0-004E-4363-A917-A3660FE286FA}"
EndProject
Global
	GlobalSection(SolutionConfigurationPlatforms) = preSolution
		Debug|Any CPU = Debug|Any CPU
		Release|Any CPU = Release|Any CPU
	EndGlobalSection
	GlobalSection(ProjectConfigurationPlatforms) = postSolution
		{267826B0-004E-4363-A917-A3660FE286FA}.Debug|Any CPU.ActiveCfg = Debug|Any CPU
		{267826B0-004E-4363-A917-A3660FE286FA}.Debug|Any CPU.Build.0 = Debug|Any CPU
		{267826B0-004E-4363-A917-A3660FE286FA}.Release|Any CPU.ActiveCfg = Release|Any CPU
		{267826B0-004E-4363-A917-A3660FE286FA}.Release|Any CPU.Build.0 = Release|Any CPU
	EndGlobalSection
	GlobalSection(SolutionProperties) = preSolution
		HideSolutionNode = FALSE
	EndGlobalSection
	GlobalSection(ExtensibilityGlobals) = postSolution
		SolutionGuid = {1AE8B147-168A-4021-B9C7-DE903D2AF6FE}
	EndGlobalSection
EndGlobal
